// !$*UTF8*$!
{
	archiveVersion = 1;
	classes = {
	};
	objectVersion = 50;
	objects = {

/* Begin PBXBuildFile section */
		D207A904267842F100E90012 /* AppDelegate.m in Sources */ = {isa = PBXBuildFile; fileRef = D207A903267842F100E90012 /* AppDelegate.m */; };
		D207A907267842F100E90012 /* SceneDelegate.m in Sources */ = {isa = PBXBuildFile; fileRef = D207A906267842F100E90012 /* SceneDelegate.m */; };
		D207A90A267842F100E90012 /* ViewController.m in Sources */ = {isa = PBXBuildFile; fileRef = D207A909267842F100E90012 /* ViewController.m */; };
		D207A90D267842F100E90012 /* Main.storyboard in Resources */ = {isa = PBXBuildFile; fileRef = D207A90B267842F100E90012 /* Main.storyboard */; };
		D207A90F267842F200E90012 /* Assets.xcassets in Resources */ = {isa = PBXBuildFile; fileRef = D207A90E267842F200E90012 /* Assets.xcassets */; };
		D207A912267842F200E90012 /* LaunchScreen.storyboard in Resources */ = {isa = PBXBuildFile; fileRef = D207A910267842F200E90012 /* LaunchScreen.storyboard */; };
		D207A915267842F200E90012 /* main.m in Sources */ = {isa = PBXBuildFile; fileRef = D207A914267842F200E90012 /* main.m */; };
		D207A91D2678430E00E90012 /* mp3_encoder.cpp in Sources */ = {isa = PBXBuildFile; fileRef = D207A91B2678430E00E90012 /* mp3_encoder.cpp */; };
		D207A91F2678460400E90012 /* libmp3lame.a in Frameworks */ = {isa = PBXBuildFile; fileRef = D207A91E2678460400E90012 /* libmp3lame.a */; };
/* End PBXBuildFile section */

/* Begin PBXFileReference section */
		D207A8FF267842F100E90012 /* MP3.app */ = {isa = PBXFileReference; explicitFileType = wrapper.application; includeInIndex = 0; path = MP3.app; sourceTree = BUILT_PRODUCTS_DIR; };
		D207A902267842F100E90012 /* AppDelegate.h */ = {isa = PBXFileReference; lastKnownFileType = sourcecode.c.h; path = AppDelegate.h; sourceTree = "<group>"; };
		D207A903267842F100E90012 /* AppDelegate.m */ = {isa = PBXFileReference; lastKnownFileType = sourcecode.c.objc; path = AppDelegate.m; sourceTree = "<group>"; };
		D207A905267842F100E90012 /* SceneDelegate.h */ = {isa = PBXFileReference; lastKnownFileType = sourcecode.c.h; path = SceneDelegate.h; sourceTree = "<group>"; };
		D207A906267842F100E90012 /* SceneDelegate.m */ = {isa = PBXFileReference; lastKnownFileType = sourcecode.c.objc; path = SceneDelegate.m; sourceTree = "<group>"; };
		D207A908267842F100E90012 /* ViewController.h */ = {isa = PBXFileReference; lastKnownFileType = sourcecode.c.h; path = ViewController.h; sourceTree = "<group>"; };
		D207A909267842F100E90012 /* ViewController.m */ = {isa = PBXFileReference; lastKnownFileType = sourcecode.c.objc; path = ViewController.m; sourceTree = "<group>"; };
		D207A90C267842F100E90012 /* Base */ = {isa = PBXFileReference; lastKnownFileType = file.storyboard; name = Base; path = Base.lproj/Main.storyboard; sourceTree = "<group>"; };
		D207A90E267842F200E90012 /* Assets.xcassets */ = {isa = PBXFileReference; lastKnownFileType = folder.assetcatalog; path = Assets.xcassets; sourceTree = "<group>"; };
		D207A911267842F200E90012 /* Base */ = {isa = PBXFileReference; lastKnownFileType = file.storyboard; name = Base; path = Base.lproj/LaunchScreen.storyboard; sourceTree = "<group>"; };
		D207A913267842F200E90012 /* Info.plist */ = {isa = PBXFileReference; lastKnownFileType = text.plist.xml; path = Info.plist; sourceTree = "<group>"; };
		D207A914267842F200E90012 /* main.m */ = {isa = PBXFileReference; lastKnownFileType = sourcecode.c.objc; path = main.m; sourceTree = "<group>"; };
		D207A91B2678430E00E90012 /* mp3_encoder.cpp */ = {isa = PBXFileReference; lastKnownFileType = sourcecode.cpp.cpp; path = mp3_encoder.cpp; sourceTree = "<group>"; };
		D207A91C2678430E00E90012 /* mp3_encoder.hpp */ = {isa = PBXFileReference; lastKnownFileType = sourcecode.cpp.h; path = mp3_encoder.hpp; sourceTree = "<group>"; };
		D207A91E2678460400E90012 /* libmp3lame.a */ = {isa = PBXFileReference; lastKnownFileType = archive.ar; path = libmp3lame.a; sourceTree = "<group>"; };
		D207A9202678460B00E90012 /* lame.h */ = {isa = PBXFileReference; lastKnownFileType = sourcecode.c.h; path = lame.h; sourceTree = "<group>"; };
/* End PBXFileReference section */

/* Begin PBXFrameworksBuildPhase section */
		D207A8FC267842F100E90012 /* Frameworks */ = {
			isa = PBXFrameworksBuildPhase;
			buildActionMask = 2147483647;
			files = (
				D207A91F2678460400E90012 /* libmp3lame.a in Frameworks */,
			);
			runOnlyForDeploymentPostprocessing = 0;
		};
/* End PBXFrameworksBuildPhase section */

/* Begin PBXGroup section */
		D207A8F6267842F100E90012 = {
			isa = PBXGroup;
			children = (
				D207A901267842F100E90012 /* MP3 */,
				D207A900267842F100E90012 /* Products */,
			);
			sourceTree = "<group>";
		};
		D207A900267842F100E90012 /* Products */ = {
			isa = PBXGroup;
			children = (
				D207A8FF267842F100E90012 /* MP3.app */,
			);
			name = Products;
			sourceTree = "<group>";
		};
		D207A901267842F100E90012 /* MP3 */ = {
			isa = PBXGroup;
			children = (
				D207A9202678460B00E90012 /* lame.h */,
				D207A91E2678460400E90012 /* libmp3lame.a */,
				D207A902267842F100E90012 /* AppDelegate.h */,
				D207A903267842F100E90012 /* AppDelegate.m */,
				D207A905267842F100E90012 /* SceneDelegate.h */,
				D207A906267842F100E90012 /* SceneDelegate.m */,
				D207A908267842F100E90012 /* ViewController.h */,
				D207A909267842F100E90012 /* ViewController.m */,
				D207A91B2678430E00E90012 /* mp3_encoder.cpp */,
				D207A91C2678430E00E90012 /* mp3_encoder.hpp */,
				D207A90B267842F100E90012 /* Main.storyboard */,
				D207A90E267842F200E90012 /* Assets.xcassets */,
				D207A910267842F200E90012 /* LaunchScreen.storyboard */,
				D207A913267842F200E90012 /* Info.plist */,
				D207A914267842F200E90012 /* main.m */,
			);
			path = MP3;
			sourceTree = "<group>";
		};
/* End PBXGroup section */

/* Begin PBXNativeTarget section */
		D207A8FE267842F100E90012 /* MP3 */ = {
			isa = PBXNativeTarget;
			buildConfigurationList = D207A918267842F200E90012 /* Build configuration list for PBXNativeTarget "MP3" */;
			buildPhases = (
				D207A8FB267842F100E90012 /* Sources */,
				D207A8FC267842F100E90012 /* Frameworks */,
				D207A8FD267842F100E90012 /* Resources */,
			);
			buildRules = (
			);
			dependencies = (
			);
			name = MP3;
			productName = MP3;
			productReference = D207A8FF267842F100E90012 /* MP3.app */;
			productType = "com.apple.product-type.application";
		};
/* End PBXNativeTarget section */

/* Begin PBXProject section */
		D207A8F7267842F100E90012 /* Project object */ = {
			isa = PBXProject;
			attributes = {
				LastUpgradeCheck = 1250;
				TargetAttributes = {
					D207A8FE267842F100E90012 = {
						CreatedOnToolsVersion = 12.5;
					};
				};
			};
			buildConfigurationList = D207A8FA267842F100E90012 /* Build configuration list for PBXProject "MP3" */;
			compatibilityVersion = "Xcode 9.3";
			developmentRegion = en;
			hasScannedForEncodings = 0;
			knownRegions = (
				en,
				Base,
			);
			mainGroup = D207A8F6267842F100E90012;
			productRefGroup = D207A900267842F100E90012 /* Products */;
			projectDirPath = "";
			projectRoot = "";
			targets = (
				D207A8FE267842F100E90012 /* MP3 */,
			);
		};
/* End PBXProject section */

/* Begin PBXResourcesBuildPhase section */
		D207A8FD267842F100E90012 /* Resources */ = {
			isa = PBXResourcesBuildPhase;
			buildActionMask = 2147483647;
			files = (
				D207A912267842F200E90012 /* LaunchScreen.storyboard in Resources */,
				D207A90F267842F200E90012 /* Assets.xcassets in Resources */,
				D207A90D267842F100E90012 /* Main.storyboard in Resources */,
			);
			runOnlyForDeploymentPostprocessing = 0;
		};
/* End PBXResourcesBuildPhase section */

/* Begin PBXSourcesBuildPhase section */
		D207A8FB267842F100E90012 /* Sources */ = {
			isa = PBXSourcesBuildPhase;
			buildActionMask = 2147483647;
			files = (
				D207A90A267842F100E90012 /* ViewController.m in Sources */,
				D207A91D2678430E00E90012 /* mp3_encoder.cpp in Sources */,
				D207A904267842F100E90012 /* AppDelegate.m in Sources */,
				D207A915267842F200E90012 /* main.m in Sources */,
				D207A907267842F100E90012 /* SceneDelegate.m in Sources */,
			);
			runOnlyForDeploymentPostprocessing = 0;
		};
/* End PBXSourcesBuildPhase section */

/* Begin PBXVariantGroup section */
		D207A90B267842F100E90012 /* Main.storyboard */ = {
			isa = PBXVariantGroup;
			children = (
				D207A90C267842F100E90012 /* Base */,
			);
			name = Main.storyboard;
			sourceTree = "<group>";
		};
		D207A910267842F200E90012 /* LaunchScreen.storyboard */ = {
			isa = PBXVariantGroup;
			children = (
				D207A911267842F200E90012 /* Base */,
			);
			name = LaunchScreen.storyboard;
			sourceTree = "<group>";
		};
/* End PBXVariantGroup section */

/* Begin XCBuildConfiguration section */
		D207A916267842F200E90012 /* Debug */ = {
			isa = XCBuildConfiguration;
			buildSettings = {
				ALWAYS_SEARCH_USER_PATHS = NO;
				CLANG_ANALYZER_NONNULL = YES;
				CLANG_ANALYZER_NUMBER_OBJECT_CONVERSION = YES_AGGRESSIVE;
				CLANG_CXX_LANGUAGE_STANDARD = "gnu++14";
				CLANG_CXX_LIBRARY = "libc++";
				CLANG_ENABLE_MODULES = YES;
				CLANG_ENABLE_OBJC_ARC = YES;
				CLANG_ENABLE_OBJC_WEAK = YES;
				CLANG_WARN_BLOCK_CAPTURE_AUTORELEASING = YES;
				CLANG_WARN_BOOL_CONVERSION = YES;
				CLANG_WARN_COMMA = YES;
				CLANG_WARN_CONSTANT_CONVERSION = YES;
				CLANG_WARN_DEPRECATED_OBJC_IMPLEMENTATIONS = YES;
				CLANG_WARN_DIRECT_OBJC_ISA_USAGE = YES_ERROR;
				CLANG_WARN_DOCUMENTATION_COMMENTS = YES;
				CLANG_WARN_EMPTY_BODY = YES;
				CLANG_WARN_ENUM_CONVERSION = YES;
				CLANG_WARN_INFINITE_RECURSION = YES;
				CLANG_WARN_INT_CONVERSION = YES;
				CLANG_WARN_NON_LITERAL_NULL_CONVERSION = YES;
				CLANG_WARN_OBJC_IMPLICIT_RETAIN_SELF = YES;
				CLANG_WARN_OBJC_LITERAL_CONVERSION = YES;
				CLANG_WARN_OBJC_ROOT_CLASS = YES_ERROR;
				CLANG_WARN_QUOTED_INCLUDE_IN_FRAMEWORK_HEADER = YES;
				CLANG_WARN_RANGE_LOOP_ANALYSIS = YES;
				CLANG_WARN_STRICT_PROTOTYPES = YES;
				CLANG_WARN_SUSPICIOUS_MOVE = YES;
				CLANG_WARN_UNGUARDED_AVAILABILITY = YES_AGGRESSIVE;
				CLANG_WARN_UNREACHABLE_CODE = YES;
				CLANG_WARN__DUPLICATE_METHOD_MATCH = YES;
				COPY_PHASE_STRIP = NO;
				DEBUG_INFORMATION_FORMAT = dwarf;
				ENABLE_STRICT_OBJC_MSGSEND = YES;
				ENABLE_TESTABILITY = YES;
				GCC_C_LANGUAGE_STANDARD = gnu11;
				GCC_DYNAMIC_NO_PIC = NO;
				GCC_NO_COMMON_BLOCKS = YES;
				GCC_OPTIMIZATION_LEVEL = 0;
				GCC_PREPROCESSOR_DEFINITIONS = (
					"DEBUG=1",
					"$(inherited)",
				);
				GCC_WARN_64_TO_32_BIT_CONVERSION = YES;
				GCC_WARN_ABOUT_RETURN_TYPE = YES_ERROR;
				GCC_WARN_UNDECLARED_SELECTOR = YES;
				GCC_WARN_UNINITIALIZED_AUTOS = YES_AGGRESSIVE;
				GCC_WARN_UNUSED_FUNCTION = YES;
				GCC_WARN_UNUSED_VARIABLE = YES;
				IPHONEOS_DEPLOYMENT_TARGET = 14.5;
				MTL_ENABLE_DEBUG_INFO = INCLUDE_SOURCE;
				MTL_FAST_MATH = YES;
				ONLY_ACTIVE_ARCH = YES;
				SDKROOT = iphoneos;
			};
			name = Debug;
		};
		D207A917267842F200E90012 /* Release */ = {
			isa = XCBuildConfiguration;
			buildSettings = {
				ALWAYS_SEARCH_USER_PATHS = NO;
				CLANG_ANALYZER_NONNULL = YES;
				CLANG_ANALYZER_NUMBER_OBJECT_CONVERSION = YES_AGGRESSIVE;
				CLANG_CXX_LANGUAGE_STANDARD = "gnu++14";
				CLANG_CXX_LIBRARY = "libc++";
				CLANG_ENABLE_MODULES = YES;
				CLANG_ENABLE_OBJC_ARC = YES;
				CLANG_ENABLE_OBJC_WEAK = YES;
				CLANG_WARN_BLOCK_CAPTURE_AUTORELEASING = YES;
				CLANG_WARN_BOOL_CONVERSION = YES;
				CLANG_WARN_COMMA = YES;
				CLANG_WARN_CONSTANT_CONVERSION = YES;
				CLANG_WARN_DEPRECATED_OBJC_IMPLEMENTATIONS = YES;
				CLANG_WARN_DIRECT_OBJC_ISA_USAGE = YES_ERROR;
				CLANG_WARN_DOCUMENTATION_COMMENTS = YES;
				CLANG_WARN_EMPTY_BODY = YES;
				CLANG_WARN_ENUM_CONVERSION = YES;
				CLANG_WARN_INFINITE_RECURSION = YES;
				CLANG_WARN_INT_CONVERSION = YES;
				CLANG_WARN_NON_LITERAL_NULL_CONVERSION = YES;
				CLANG_WARN_OBJC_IMPLICIT_RETAIN_SELF = YES;
				CLANG_WARN_OBJC_LITERAL_CONVERSION = YES;
				CLANG_WARN_OBJC_ROOT_CLASS = YES_ERROR;
				CLANG_WARN_QUOTED_INCLUDE_IN_FRAMEWORK_HEADER = YES;
				CLANG_WARN_RANGE_LOOP_ANALYSIS = YES;
				CLANG_WARN_STRICT_PROTOTYPES = YES;
				CLANG_WARN_SUSPICIOUS_MOVE = YES;
				CLANG_WARN_UNGUARDED_AVAILABILITY = YES_AGGRESSIVE;
				CLANG_WARN_UNREACHABLE_CODE = YES;
				CLANG_WARN__DUPLICATE_METHOD_MATCH = YES;
				COPY_PHASE_STRIP = NO;
				DEBUG_INFORMATION_FORMAT = "dwarf-with-dsym";
				ENABLE_NS_ASSERTIONS = NO;
				ENABLE_STRICT_OBJC_MSGSEND = YES;
				GCC_C_LANGUAGE_STANDARD = gnu11;
				GCC_NO_COMMON_BLOCKS = YES;
				GCC_WARN_64_TO_32_BIT_CONVERSION = YES;
				GCC_WARN_ABOUT_RETURN_TYPE = YES_ERROR;
				GCC_WARN_UNDECLARED_SELECTOR = YES;
				GCC_WARN_UNINITIALIZED_AUTOS = YES_AGGRESSIVE;
				GCC_WARN_UNUSED_FUNCTION = YES;
				GCC_WARN_UNUSED_VARIABLE = YES;
				IPHONEOS_DEPLOYMENT_TARGET = 14.5;
				MTL_ENABLE_DEBUG_INFO = NO;
				MTL_FAST_MATH = YES;
				SDKROOT = iphoneos;
				VALIDATE_PRODUCT = YES;
			};
			name = Release;
		};
		D207A919267842F200E90012 /* Debug */ = {
			isa = XCBuildConfiguration;
			buildSettings = {
				ASSETCATALOG_COMPILER_APPICON_NAME = AppIcon;
				ASSETCATALOG_COMPILER_GLOBAL_ACCENT_COLOR_NAME = AccentColor;
				CODE_SIGN_STYLE = Automatic;
				DEVELOPMENT_TEAM = CPVYDNY4T8;
				INFOPLIST_FILE = MP3/Info.plist;
				LD_RUNPATH_SEARCH_PATHS = (
					"$(inherited)",
					"@executable_path/Frameworks",
				);
				LIBRARY_SEARCH_PATHS = (
					"$(inherited)",
					"$(PROJECT_DIR)/MP3",
				);
				PRODUCT_BUNDLE_IDENTIFIER = com.feizhu.MP3;
				PRODUCT_NAME = "$(TARGET_NAME)";
				TARGETED_DEVICE_FAMILY = "1,2";
			};
			name = Debug;
		};
		D207A91A267842F200E90012 /* Release */ = {
			isa = XCBuildConfiguration;
			buildSettings = {
				ASSETCATALOG_COMPILER_APPICON_NAME = AppIcon;
				ASSETCATALOG_COMPILER_GLOBAL_ACCENT_COLOR_NAME = AccentColor;
				CODE_SIGN_STYLE = Automatic;
				DEVELOPMENT_TEAM = CPVYDNY4T8;
				INFOPLIST_FILE = MP3/Info.plist;
				LD_RUNPATH_SEARCH_PATHS = (
					"$(inherited)",
					"@executable_path/Frameworks",
				);
				LIBRARY_SEARCH_PATHS = (
					"$(inherited)",
					"$(PROJECT_DIR)/MP3",
				);
				PRODUCT_BUNDLE_IDENTIFIER = com.feizhu.MP3;
				PRODUCT_NAME = "$(TARGET_NAME)";
				TARGETED_DEVICE_FAMILY = "1,2";
			};
			name = Release;
		};
/* End XCBuildConfiguration section */

/* Begin XCConfigurationList section */
		D207A8FA267842F100E90012 /* Build configuration list for PBXProject "MP3" */ = {
			isa = XCConfigurationList;
			buildConfigurations = (
				D207A916267842F200E90012 /* Debug */,
				D207A917267842F200E90012 /* Release */,
			);
			defaultConfigurationIsVisible = 0;
			defaultConfigurationName = Release;
		};
		D207A918267842F200E90012 /* Build configuration list for PBXNativeTarget "MP3" */ = {
			isa = XCConfigurationList;
			buildConfigurations = (
				D207A919267842F200E90012 /* Debug */,
				D207A91A267842F200E90012 /* Release */,
			);
			defaultConfigurationIsVisible = 0;
			defaultConfigurationName = Release;
		};
/* End XCConfigurationList section */
	};
	rootObject = D207A8F7267842F100E90012 /* Project object */;
}
